
Microsoft Visual Studio Solution File, Format Version 12.00
# Visual Studio Version 17
VisualStudioVersion = 17.11.35327.3
MinimumVisualStudioVersion = 10.0.40219.1
Project("{9A19103F-16F7-4668-BE54-9A1E7A4F7556}") = "Stage0", "Stage0\Stage0.csproj", "{3039811F-AA29-418E-B201-2168374C60BA}"
EndProject
Project("{2150E333-8FDC-42A3-9474-1A3956D46DE8}") = "Solution Items", "Solution Items", "{B61313F2-DEB0-480B-9758-C55D81398E96}"
	ProjectSection(SolutionItems) = preProject
		..\README.md = ..\README.md
	EndProjectSection
EndProject
Project("{9A19103F-16F7-4668-BE54-9A1E7A4F7556}") = "DalFacade", "DalFacade\DalFacade.csproj", "{7471F8D6-7DE3-4431-8E55-66D47C0DE937}"
EndProject
Project("{9A19103F-16F7-4668-BE54-9A1E7A4F7556}") = "DalList", "DalList\DalList.csproj", "{36642235-42E8-48C5-98F2-45B7EF0BE270}"
EndProject
Project("{9A19103F-16F7-4668-BE54-9A1E7A4F7556}") = "DalTest", "DalTest\DalTest.csproj", "{5B6B6B9C-BFF3-49D7-A40B-55F8FB8F6104}"
EndProject
Project("{9A19103F-16F7-4668-BE54-9A1E7A4F7556}") = "DalXml", "DalXml\DalXml.csproj", "{BAED4E6E-5FB6-4691-AE67-B003CC869E25}"
EndProject
Project("{2150E333-8FDC-42A3-9474-1A3956D46DE8}") = "xml", "xml", "{F0726BB7-52ED-46B9-96C6-61F989DD72CF}"
	ProjectSection(SolutionItems) = preProject
		xml\assignments.xml.txt = xml\assignments.xml.txt
		xml\calls.xml.txt = xml\calls.xml.txt
		xml\volunteers.xml.txt = xml\volunteers.xml.txt
		xml\data-config.xml = xml\data-config.xml
	EndProjectSection
EndProject
Global
	GlobalSection(SolutionConfigurationPlatforms) = preSolution
		Debug|Any CPU = Debug|Any CPU
		Release|Any CPU = Release|Any CPU
	EndGlobalSection
	GlobalSection(ProjectConfigurationPlatforms) = postSolution
		{3039811F-AA29-418E-B201-2168374C60BA}.Debug|Any CPU.ActiveCfg = Debug|Any CPU
		{3039811F-AA29-418E-B201-2168374C60BA}.Debug|Any CPU.Build.0 = Debug|Any CPU
		{3039811F-AA29-418E-B201-2168374C60BA}.Release|Any CPU.ActiveCfg = Release|Any CPU
		{3039811F-AA29-418E-B201-2168374C60BA}.Release|Any CPU.Build.0 = Release|Any CPU
		{7471F8D6-7DE3-4431-8E55-66D47C0DE937}.Debug|Any CPU.ActiveCfg = Debug|Any CPU
		{7471F8D6-7DE3-4431-8E55-66D47C0DE937}.Debug|Any CPU.Build.0 = Debug|Any CPU
		{7471F8D6-7DE3-4431-8E55-66D47C0DE937}.Release|Any CPU.ActiveCfg = Release|Any CPU
		{7471F8D6-7DE3-4431-8E55-66D47C0DE937}.Release|Any CPU.Build.0 = Release|Any CPU
		{36642235-42E8-48C5-98F2-45B7EF0BE270}.Debug|Any CPU.ActiveCfg = Debug|Any CPU
		{36642235-42E8-48C5-98F2-45B7EF0BE270}.Debug|Any CPU.Build.0 = Debug|Any CPU
		{36642235-42E8-48C5-98F2-45B7EF0BE270}.Release|Any CPU.ActiveCfg = Release|Any CPU
		{36642235-42E8-48C5-98F2-45B7EF0BE270}.Release|Any CPU.Build.0 = Release|Any CPU
		{5B6B6B9C-BFF3-49D7-A40B-55F8FB8F6104}.Debug|Any CPU.ActiveCfg = Debug|Any CPU
		{5B6B6B9C-BFF3-49D7-A40B-55F8FB8F6104}.Debug|Any CPU.Build.0 = Debug|Any CPU
		{5B6B6B9C-BFF3-49D7-A40B-55F8FB8F6104}.Release|Any CPU.ActiveCfg = Release|Any CPU
		{5B6B6B9C-BFF3-49D7-A40B-55F8FB8F6104}.Release|Any CPU.Build.0 = Release|Any CPU
		{BAED4E6E-5FB6-4691-AE67-B003CC869E25}.Debug|Any CPU.ActiveCfg = Debug|Any CPU
		{BAED4E6E-5FB6-4691-AE67-B003CC869E25}.Debug|Any CPU.Build.0 = Debug|Any CPU
		{BAED4E6E-5FB6-4691-AE67-B003CC869E25}.Release|Any CPU.ActiveCfg = Release|Any CPU
		{BAED4E6E-5FB6-4691-AE67-B003CC869E25}.Release|Any CPU.Build.0 = Release|Any CPU
	EndGlobalSection
	GlobalSection(SolutionProperties) = preSolution
		HideSolutionNode = FALSE
	EndGlobalSection
	GlobalSection(ExtensibilityGlobals) = postSolution
		SolutionGuid = {0F305400-FF8C-435F-8FAD-A8EF5DD4A33C}
	EndGlobalSection
EndGlobal
